
Microsoft Visual Studio Solution File, Format Version 12.00
# Visual Studio Version 17
VisualStudioVersion = 17.10.35027.167
MinimumVisualStudioVersion = 10.0.40219.1
Project("{FAE04EC0-301F-11D3-BF4B-00C04F79EFBC}") = "JobPortal", "JobPortal.csproj", "{B7EE419F-A64C-44DF-B605-6D608E4A0606}"
EndProject
Global
	GlobalSection(SolutionConfigurationPlatforms) = preSolution
		Debug|Any CPU = Debug|Any CPU
		Release|Any CPU = Release|Any CPU
	EndGlobalSection
	GlobalSection(ProjectConfigurationPlatforms) = postSolution
		{B7EE419F-A64C-44DF-B605-6D608E4A0606}.Debug|Any CPU.ActiveCfg = Debug|Any CPU
		{B7EE419F-A64C-44DF-B605-6D608E4A0606}.Debug|Any CPU.Build.0 = Debug|Any CPU
		{B7EE419F-A64C-44DF-B605-6D608E4A0606}.Release|Any CPU.ActiveCfg = Release|Any CPU
		{B7EE419F-A64C-44DF-B605-6D608E4A0606}.Release|Any CPU.Build.0 = Release|Any CPU
	EndGlobalSection
	GlobalSection(SolutionProperties) = preSolution
		HideSolutionNode = FALSE
	EndGlobalSection
	GlobalSection(ExtensibilityGlobals) = postSolution
		SolutionGuid = {54CC783B-22D2-4D30-8056-B4235D83C6E3}
	EndGlobalSection
EndGlobal
